<?xml version="1.0" encoding="utf-8"?>
<Project ToolsVersion="4.0" xmlns="http://schemas.microsoft.com/developer/msbuild/2003">
  <ItemGroup>
    <ClCompile Include="src\Data\SimpleIni.cpp">
      <Filter>src\Data</Filter>
    </ClCompile>
    <ClCompile Include="src\Utilities\LogStackWalker.cpp">
      <Filter>src\Utilities</Filter>
    </ClCompile>
    <ClCompile Include="src\Utilities\RecursiveLock.cpp">
      <Filter>src\Utilities</Filter>
    </ClCompile>
    <ClCompile Include="src\Utilities\StackWalker.cpp">
      <Filter>src\Utilities</Filter>
    </ClCompile>
    <ClCompile Include="src\Utilities\utils.cpp">
      <Filter>src\Utilities</Filter>
    </ClCompile>
    <ClCompile Include="src\Utilities\version.cpp">
      <Filter>src\Utilities</Filter>
    </ClCompile>
    <ClCompile Include="src\main.cpp">
      <Filter>src</Filter>
    </ClCompile>
    <ClCompile Include="src\PrecompiledHeaders.cpp">
      <Filter>src</Filter>
    </ClCompile>
    <ClCompile Include="src\Data\SettingsCache.cpp">
      <Filter>src\Data</Filter>
    </ClCompile>
  </ItemGroup>
  <ItemGroup>
    <ClInclude Include="resource1.h">
      <Filter>resources</Filter>
    </ClInclude>
    <ClInclude Include="src\Data\SimpleIni.h">
      <Filter>src\Data</Filter>
    </ClInclude>
    <ClInclude Include="src\Utilities\LogStackWalker.h">
      <Filter>src\Utilities</Filter>
    </ClInclude>
    <ClInclude Include="src\Utilities\LogWrapper.h">
      <Filter>src\Utilities</Filter>
    </ClInclude>
    <ClInclude Include="src\Utilities\RecursiveLock.h">
      <Filter>src\Utilities</Filter>
    </ClInclude>
    <ClInclude Include="src\Utilities\StackWalker.h">
      <Filter>src\Utilities</Filter>
    </ClInclude>
    <ClInclude Include="src\Utilities\utils.h">
      <Filter>src\Utilities</Filter>
    </ClInclude>
    <ClInclude Include="src\Utilities\version.h">
      <Filter>src\Utilities</Filter>
    </ClInclude>
    <ClInclude Include="src\PrecompiledHeaders.h">
      <Filter>src</Filter>
    </ClInclude>
    <ClInclude Include="src\Pausing\InputListener.h">
      <Filter>src\Pausing</Filter>
    </ClInclude>
    <ClInclude Include="src\Pausing\PauseHandler.h">
      <Filter>src\Pausing</Filter>
    </ClInclude>
    <ClInclude Include="src\Data\SettingsCache.h">
      <Filter>src\Data</Filter>
    </ClInclude>
  </ItemGroup>
  <ItemGroup>
    <Filter Include="resources">
      <UniqueIdentifier>{a4f07f14-48c8-4bcf-8c16-f1fb15526ea8}</UniqueIdentifier>
    </Filter>
    <Filter Include="Config">
      <UniqueIdentifier>{b875b5fc-c381-473b-9a72-57e3f75fee2b}</UniqueIdentifier>
    </Filter>
    <Filter Include="src">
      <UniqueIdentifier>{a2be940c-dd1e-42f2-a11a-ff545a7bbc4c}</UniqueIdentifier>
    </Filter>
    <Filter Include="src\Data">
      <UniqueIdentifier>{b9bba89f-6191-4fa6-8e68-03bb0cd20112}</UniqueIdentifier>
    </Filter>
    <Filter Include="src\Utilities">
      <UniqueIdentifier>{08d9c783-62e2-4fe7-b6be-272995f8b358}</UniqueIdentifier>
    </Filter>
    <Filter Include="Batch">
      <UniqueIdentifier>{c3f9f145-be00-43d2-9254-10c5523d47ae}</UniqueIdentifier>
    </Filter>
    <Filter Include="src\Pausing">
      <UniqueIdentifier>{bf4c8422-b1fb-4310-92e7-ab0b52297c6c}</UniqueIdentifier>
    </Filter>
  </ItemGroup>
  <ItemGroup>
    <None Include="Batch\build-artifacts-rar.bat">
      <Filter>Batch</Filter>
    </None>
    <None Include="Batch\build-AE-artifacts-rar.bat">
      <Filter>Batch</Filter>
    </None>
    <None Include="Config\PauseAfterLoadUnscripted.ini">
      <Filter>Config</Filter>
    </None>
  </ItemGroup>
  <ItemGroup>
    <ResourceCompile Include="PauseAfterLoadUnscripted.rc" />
  </ItemGroup>
</Project>