<?xml version="1.0" encoding="utf-8"?>
<Project ToolsVersion="17.0" xmlns="http://schemas.microsoft.com/developer/msbuild/2003">
  <ItemGroup>
    <ClCompile Include="I:\GitHub\PauseAfterLoadUnscripted\CMakeFiles\PauseAfterLoadUnscripted.dir\cmake_pch.cxx">
      <Filter>Source Files</Filter>
    </ClCompile>
    <ClCompile Include="I:\GitHub\PauseAfterLoadUnscripted\src\Data\SettingsCache.cpp">
      <Filter>src\Data</Filter>
    </ClCompile>
    <ClCompile Include="I:\GitHub\PauseAfterLoadUnscripted\src\Data\SimpleIni.cpp">
      <Filter>src\Data</Filter>
    </ClCompile>
    <ClCompile Include="I:\GitHub\PauseAfterLoadUnscripted\src\Utilities\LogStackWalker.cpp">
      <Filter>src\Utilities</Filter>
    </ClCompile>
    <ClCompile Include="I:\GitHub\PauseAfterLoadUnscripted\src\Utilities\RecursiveLock.cpp">
      <Filter>src\Utilities</Filter>
    </ClCompile>
    <ClCompile Include="I:\GitHub\PauseAfterLoadUnscripted\src\Utilities\StackWalker.cpp">
      <Filter>src\Utilities</Filter>
    </ClCompile>
    <ClCompile Include="I:\GitHub\PauseAfterLoadUnscripted\src\Utilities\utils.cpp">
      <Filter>src\Utilities</Filter>
    </ClCompile>
    <ClCompile Include="I:\GitHub\PauseAfterLoadUnscripted\src\Utilities\version.cpp">
      <Filter>src\Utilities</Filter>
    </ClCompile>
    <ClCompile Include="I:\GitHub\PauseAfterLoadUnscripted\src\main.cpp">
      <Filter>src</Filter>
    </ClCompile>
    <ClCompile Include="I:\GitHub\PauseAfterLoadUnscripted\__PauseAfterLoadUnscriptedPlugin.cpp">
      <Filter>Source Files</Filter>
    </ClCompile>
  </ItemGroup>
  <ItemGroup>
    <ClInclude Include="I:\GitHub\PauseAfterLoadUnscripted\src\Data\SettingsCache.h">
      <Filter>src\Data</Filter>
    </ClInclude>
    <ClInclude Include="I:\GitHub\PauseAfterLoadUnscripted\src\Data\SimpleIni.h">
      <Filter>src\Data</Filter>
    </ClInclude>
    <ClInclude Include="I:\GitHub\PauseAfterLoadUnscripted\src\Pausing\InputListener.h">
      <Filter>src\Pausing</Filter>
    </ClInclude>
    <ClInclude Include="I:\GitHub\PauseAfterLoadUnscripted\src\Pausing\PauseHandler.h">
      <Filter>src\Pausing</Filter>
    </ClInclude>
    <ClInclude Include="I:\GitHub\PauseAfterLoadUnscripted\src\Utilities\LogStackWalker.h">
      <Filter>src\Utilities</Filter>
    </ClInclude>
    <ClInclude Include="I:\GitHub\PauseAfterLoadUnscripted\src\Utilities\LogWrapper.h">
      <Filter>src\Utilities</Filter>
    </ClInclude>
    <ClInclude Include="I:\GitHub\PauseAfterLoadUnscripted\src\Utilities\RecursiveLock.h">
      <Filter>src\Utilities</Filter>
    </ClInclude>
    <ClInclude Include="I:\GitHub\PauseAfterLoadUnscripted\src\Utilities\StackWalker.h">
      <Filter>src\Utilities</Filter>
    </ClInclude>
    <ClInclude Include="I:\GitHub\PauseAfterLoadUnscripted\src\Utilities\utils.h">
      <Filter>src\Utilities</Filter>
    </ClInclude>
    <ClInclude Include="I:\GitHub\PauseAfterLoadUnscripted\src\Utilities\version.h">
      <Filter>src\Utilities</Filter>
    </ClInclude>
    <ClInclude Include="I:\GitHub\PauseAfterLoadUnscripted\CMakeFiles\PauseAfterLoadUnscripted.dir\Debug\cmake_pch.hxx">
      <Filter>Precompile Header File</Filter>
    </ClInclude>
    <ClInclude Include="I:\GitHub\PauseAfterLoadUnscripted\CMakeFiles\PauseAfterLoadUnscripted.dir\Release\cmake_pch.hxx">
      <Filter>Precompile Header File</Filter>
    </ClInclude>
    <ClInclude Include="I:\GitHub\PauseAfterLoadUnscripted\CMakeFiles\PauseAfterLoadUnscripted.dir\MinSizeRel\cmake_pch.hxx">
      <Filter>Precompile Header File</Filter>
    </ClInclude>
    <ClInclude Include="I:\GitHub\PauseAfterLoadUnscripted\CMakeFiles\PauseAfterLoadUnscripted.dir\RelWithDebInfo\cmake_pch.hxx">
      <Filter>Precompile Header File</Filter>
    </ClInclude>
  </ItemGroup>
  <ItemGroup>
    <CustomBuild Include="I:\GitHub\PauseAfterLoadUnscripted\CMakeLists.txt" />
  </ItemGroup>
  <ItemGroup>
    <ResourceCompile Include="I:\GitHub\PauseAfterLoadUnscripted\version.rc" />
  </ItemGroup>
  <ItemGroup>
    <Filter Include="Precompile Header File">
      <UniqueIdentifier>{9C27C23C-CD5C-39E4-9265-CD3908CEB54D}</UniqueIdentifier>
    </Filter>
    <Filter Include="Source Files">
      <UniqueIdentifier>{4DD6E743-FB8A-3C5F-9789-B58DEB2B6051}</UniqueIdentifier>
    </Filter>
    <Filter Include="src">
      <UniqueIdentifier>{E1DFA740-736B-3512-A7E1-84EE80EAB1C0}</UniqueIdentifier>
    </Filter>
    <Filter Include="src\Data">
      <UniqueIdentifier>{6850E8A7-BA53-3ED3-A0F3-E71A31582F01}</UniqueIdentifier>
    </Filter>
    <Filter Include="src\Pausing">
      <UniqueIdentifier>{C4EBE25B-6F0B-3533-8A75-1549F10F4674}</UniqueIdentifier>
    </Filter>
    <Filter Include="src\Utilities">
      <UniqueIdentifier>{37FFB393-84B2-34DC-BA67-6F0BB4832AF6}</UniqueIdentifier>
    </Filter>
  </ItemGroup>
</Project>
